PODS:
  - Flutter (1.0.0)
  - flutter_geocoder_reborn (0.0.1):
    - Flutter

DEPENDENCIES:
  - Flutter (from `Flutter`)
  - flutter_geocoder_reborn (from `.symlinks/plugins/flutter_geocoder_reborn/ios`)

EXTERNAL SOURCES:
  Flutter:
    :path: Flutter
  flutter_geocoder_reborn:
    :path: ".symlinks/plugins/flutter_geocoder_reborn/ios"

SPEC CHECKSUMS:
  Flutter: 434fef37c0980e73bb6479ef766c45957d4b510c
  flutter_geocoder_reborn: 36fe4e4d49d09d74a3c2ca6809ef2b54b7ef030d

PODFILE CHECKSUM: aafe91acc616949ddb318b77800a7f51bffa2a4c

COCOAPODS: 1.10.1
